
Microsoft Visual Studio Solution File, Format Version 12.00
# Visual Studio Version 16
VisualStudioVersion = 16.0.30225.117
MinimumVisualStudioVersion = 10.0.40219.1
Project("{FAE04EC0-301F-11D3-BF4B-00C04F79EFBC}") = "SlackOverload", "SlackOverload\SlackOverload.csproj", "{108D3078-8FA5-493C-A45B-37D130DB13BE}"
EndProject
Global
	GlobalSection(SolutionConfigurationPlatforms) = preSolution
		Debug|Any CPU = Debug|Any CPU
		Release|Any CPU = Release|Any CPU
	EndGlobalSection
	GlobalSection(ProjectConfigurationPlatforms) = postSolution
		{108D3078-8FA5-493C-A45B-37D130DB13BE}.Debug|Any CPU.ActiveCfg = Debug|Any CPU
		{108D3078-8FA5-493C-A45B-37D130DB13BE}.Debug|Any CPU.Build.0 = Debug|Any CPU
		{108D3078-8FA5-493C-A45B-37D130DB13BE}.Release|Any CPU.ActiveCfg = Release|Any CPU
		{108D3078-8FA5-493C-A45B-37D130DB13BE}.Release|Any CPU.Build.0 = Release|Any CPU
	EndGlobalSection
	GlobalSection(SolutionProperties) = preSolution
		HideSolutionNode = FALSE
	EndGlobalSection
	GlobalSection(ExtensibilityGlobals) = postSolution
		SolutionGuid = {795B688F-1CE4-48B1-A531-E597845E4515}
	EndGlobalSection
EndGlobal
