
Microsoft Visual Studio Solution File, Format Version 12.00
# Visual Studio Version 16
VisualStudioVersion = 16.0.30320.27
MinimumVisualStudioVersion = 10.0.40219.1
Project("{9A19103F-16F7-4668-BE54-9A1E7A4F7556}") = "Lab 6.2", "Lab 6.2\Lab 6.2.csproj", "{02A23BA5-73CB-4752-A85D-0947A8546F79}"
EndProject
Project("{FAE04EC0-301F-11D3-BF4B-00C04F79EFBC}") = "Lab 6.2.Test", "Lab 6.2.Test\Lab 6.2.Test.csproj", "{15D1E4F3-11BD-4AA1-B9AB-6AA162CA3B77}"
EndProject
Global
	GlobalSection(SolutionConfigurationPlatforms) = preSolution
		Debug|Any CPU = Debug|Any CPU
		Release|Any CPU = Release|Any CPU
	EndGlobalSection
	GlobalSection(ProjectConfigurationPlatforms) = postSolution
		{02A23BA5-73CB-4752-A85D-0947A8546F79}.Debug|Any CPU.ActiveCfg = Debug|Any CPU
		{02A23BA5-73CB-4752-A85D-0947A8546F79}.Debug|Any CPU.Build.0 = Debug|Any CPU
		{02A23BA5-73CB-4752-A85D-0947A8546F79}.Release|Any CPU.ActiveCfg = Release|Any CPU
		{02A23BA5-73CB-4752-A85D-0947A8546F79}.Release|Any CPU.Build.0 = Release|Any CPU
		{15D1E4F3-11BD-4AA1-B9AB-6AA162CA3B77}.Debug|Any CPU.ActiveCfg = Debug|Any CPU
		{15D1E4F3-11BD-4AA1-B9AB-6AA162CA3B77}.Debug|Any CPU.Build.0 = Debug|Any CPU
		{15D1E4F3-11BD-4AA1-B9AB-6AA162CA3B77}.Release|Any CPU.ActiveCfg = Release|Any CPU
		{15D1E4F3-11BD-4AA1-B9AB-6AA162CA3B77}.Release|Any CPU.Build.0 = Release|Any CPU
	EndGlobalSection
	GlobalSection(SolutionProperties) = preSolution
		HideSolutionNode = FALSE
	EndGlobalSection
	GlobalSection(ExtensibilityGlobals) = postSolution
		SolutionGuid = {22F5FF1B-1AF7-4DC1-BFA8-1518E50F30BD}
	EndGlobalSection
EndGlobal
